
Microsoft Visual Studio Solution File, Format Version 12.00
# Visual Studio Version 17
VisualStudioVersion = 17.4.33213.308
MinimumVisualStudioVersion = 10.0.40219.1
Project("{9A19103F-16F7-4668-BE54-9A1E7A4F7556}") = "modeling-of-solids", "modeling-of-solids\modeling-of-solids.csproj", "{227AAC2B-EE4F-409A-9E0C-6EE5FF34133E}"
EndProject
Project("{FAE04EC0-301F-11D3-BF4B-00C04F79EFBC}") = "modeling-of-solids.testing", "modeling-of-solids.testing\modeling-of-solids.testing.csproj", "{D6E2E443-7677-403C-91AD-B2209A5C3C7F}"
EndProject
Global
	GlobalSection(SolutionConfigurationPlatforms) = preSolution
		Debug|Any CPU = Debug|Any CPU
		Debug|x64 = Debug|x64
		Debug|x86 = Debug|x86
		Release|Any CPU = Release|Any CPU
		Release|x64 = Release|x64
		Release|x86 = Release|x86
	EndGlobalSection
	GlobalSection(ProjectConfigurationPlatforms) = postSolution
		{227AAC2B-EE4F-409A-9E0C-6EE5FF34133E}.Debug|Any CPU.ActiveCfg = Debug|Any CPU
		{227AAC2B-EE4F-409A-9E0C-6EE5FF34133E}.Debug|Any CPU.Build.0 = Debug|Any CPU
		{227AAC2B-EE4F-409A-9E0C-6EE5FF34133E}.Debug|x64.ActiveCfg = Debug|Any CPU
		{227AAC2B-EE4F-409A-9E0C-6EE5FF34133E}.Debug|x64.Build.0 = Debug|Any CPU
		{227AAC2B-EE4F-409A-9E0C-6EE5FF34133E}.Debug|x86.ActiveCfg = Debug|Any CPU
		{227AAC2B-EE4F-409A-9E0C-6EE5FF34133E}.Debug|x86.Build.0 = Debug|Any CPU
		{227AAC2B-EE4F-409A-9E0C-6EE5FF34133E}.Release|Any CPU.ActiveCfg = Release|Any CPU
		{227AAC2B-EE4F-409A-9E0C-6EE5FF34133E}.Release|Any CPU.Build.0 = Release|Any CPU
		{227AAC2B-EE4F-409A-9E0C-6EE5FF34133E}.Release|x64.ActiveCfg = Release|Any CPU
		{227AAC2B-EE4F-409A-9E0C-6EE5FF34133E}.Release|x64.Build.0 = Release|Any CPU
		{227AAC2B-EE4F-409A-9E0C-6EE5FF34133E}.Release|x86.ActiveCfg = Release|Any CPU
		{227AAC2B-EE4F-409A-9E0C-6EE5FF34133E}.Release|x86.Build.0 = Release|Any CPU
		{D6E2E443-7677-403C-91AD-B2209A5C3C7F}.Debug|Any CPU.ActiveCfg = Debug|Any CPU
		{D6E2E443-7677-403C-91AD-B2209A5C3C7F}.Debug|Any CPU.Build.0 = Debug|Any CPU
		{D6E2E443-7677-403C-91AD-B2209A5C3C7F}.Debug|x64.ActiveCfg = Debug|Any CPU
		{D6E2E443-7677-403C-91AD-B2209A5C3C7F}.Debug|x64.Build.0 = Debug|Any CPU
		{D6E2E443-7677-403C-91AD-B2209A5C3C7F}.Debug|x86.ActiveCfg = Debug|Any CPU
		{D6E2E443-7677-403C-91AD-B2209A5C3C7F}.Debug|x86.Build.0 = Debug|Any CPU
		{D6E2E443-7677-403C-91AD-B2209A5C3C7F}.Release|Any CPU.ActiveCfg = Release|Any CPU
		{D6E2E443-7677-403C-91AD-B2209A5C3C7F}.Release|Any CPU.Build.0 = Release|Any CPU
		{D6E2E443-7677-403C-91AD-B2209A5C3C7F}.Release|x64.ActiveCfg = Release|Any CPU
		{D6E2E443-7677-403C-91AD-B2209A5C3C7F}.Release|x64.Build.0 = Release|Any CPU
		{D6E2E443-7677-403C-91AD-B2209A5C3C7F}.Release|x86.ActiveCfg = Release|Any CPU
		{D6E2E443-7677-403C-91AD-B2209A5C3C7F}.Release|x86.Build.0 = Release|Any CPU
	EndGlobalSection
	GlobalSection(SolutionProperties) = preSolution
		HideSolutionNode = FALSE
	EndGlobalSection
	GlobalSection(ExtensibilityGlobals) = postSolution
		SolutionGuid = {79FD6D84-32EA-49D5-892B-EF036B3DA5F4}
	EndGlobalSection
EndGlobal
